
Microsoft Visual Studio Solution File, Format Version 12.00
# Visual Studio Version 17
VisualStudioVersion = 17.2.32616.157
MinimumVisualStudioVersion = 10.0.40219.1
Project("{FAE04EC0-301F-11D3-BF4B-00C04F79EFBC}") = "Task1", "Task1\Task1.csproj", "{7B72C092-992D-4BFA-9A37-74BF1ACBBADF}"
EndProject
Global
	GlobalSection(SolutionConfigurationPlatforms) = preSolution
		Debug|Any CPU = Debug|Any CPU
		Release|Any CPU = Release|Any CPU
	EndGlobalSection
	GlobalSection(ProjectConfigurationPlatforms) = postSolution
		{7B72C092-992D-4BFA-9A37-74BF1ACBBADF}.Debug|Any CPU.ActiveCfg = Debug|Any CPU
		{7B72C092-992D-4BFA-9A37-74BF1ACBBADF}.Debug|Any CPU.Build.0 = Debug|Any CPU
		{7B72C092-992D-4BFA-9A37-74BF1ACBBADF}.Release|Any CPU.ActiveCfg = Release|Any CPU
		{7B72C092-992D-4BFA-9A37-74BF1ACBBADF}.Release|Any CPU.Build.0 = Release|Any CPU
	EndGlobalSection
	GlobalSection(SolutionProperties) = preSolution
		HideSolutionNode = FALSE
	EndGlobalSection
	GlobalSection(ExtensibilityGlobals) = postSolution
		SolutionGuid = {66CB1FA1-EE37-442F-8C89-9833DD758E6B}
	EndGlobalSection
EndGlobal
